
Microsoft Visual Studio Solution File, Format Version 12.00
# Visual Studio Version 16
VisualStudioVersion = 16.0.32126.315
MinimumVisualStudioVersion = 10.0.40219.1
Project("{9A19103F-16F7-4668-BE54-9A1E7A4F7556}") = "01.SquareRoot", "01.SquareRoot\01.SquareRoot.csproj", "{88C74452-E05B-4712-878F-A99309C46DEF}"
EndProject
Project("{FAE04EC0-301F-11D3-BF4B-00C04F79EFBC}") = "02.EnterNumbers", "02.EnterNumbers\02.EnterNumbers.csproj", "{D6A18511-7F5C-4FEF-ACA4-77AF6E7BBD10}"
EndProject
Global
	GlobalSection(SolutionConfigurationPlatforms) = preSolution
		Debug|Any CPU = Debug|Any CPU
		Release|Any CPU = Release|Any CPU
	EndGlobalSection
	GlobalSection(ProjectConfigurationPlatforms) = postSolution
		{88C74452-E05B-4712-878F-A99309C46DEF}.Debug|Any CPU.ActiveCfg = Debug|Any CPU
		{88C74452-E05B-4712-878F-A99309C46DEF}.Debug|Any CPU.Build.0 = Debug|Any CPU
		{88C74452-E05B-4712-878F-A99309C46DEF}.Release|Any CPU.ActiveCfg = Release|Any CPU
		{88C74452-E05B-4712-878F-A99309C46DEF}.Release|Any CPU.Build.0 = Release|Any CPU
		{D6A18511-7F5C-4FEF-ACA4-77AF6E7BBD10}.Debug|Any CPU.ActiveCfg = Debug|Any CPU
		{D6A18511-7F5C-4FEF-ACA4-77AF6E7BBD10}.Debug|Any CPU.Build.0 = Debug|Any CPU
		{D6A18511-7F5C-4FEF-ACA4-77AF6E7BBD10}.Release|Any CPU.ActiveCfg = Release|Any CPU
		{D6A18511-7F5C-4FEF-ACA4-77AF6E7BBD10}.Release|Any CPU.Build.0 = Release|Any CPU
	EndGlobalSection
	GlobalSection(SolutionProperties) = preSolution
		HideSolutionNode = FALSE
	EndGlobalSection
	GlobalSection(ExtensibilityGlobals) = postSolution
		SolutionGuid = {D070EA07-CE6C-4D65-A6CD-D24FC4188E12}
	EndGlobalSection
EndGlobal
