
Microsoft Visual Studio Solution File, Format Version 12.00
# Visual Studio Version 17
VisualStudioVersion = 17.0.32126.317
MinimumVisualStudioVersion = 10.0.40219.1
Project("{9A19103F-16F7-4668-BE54-9A1E7A4F7556}") = "01.Shapes", "01.Shapes\01.Shapes.csproj", "{6D2DCA68-BFAA-4F35-8EB0-D78E8B213D97}"
EndProject
Project("{9A19103F-16F7-4668-BE54-9A1E7A4F7556}") = "02.Car", "02.Car\02.Car.csproj", "{2BCB3DBC-267A-4663-8A11-5CEDF2936E3F}"
EndProject
Project("{9A19103F-16F7-4668-BE54-9A1E7A4F7556}") = "PersonInfo", "PersonInfo\PersonInfo.csproj", "{F197CED6-C936-4C18-9AE3-3F47746A28EC}"
EndProject
Project("{9A19103F-16F7-4668-BE54-9A1E7A4F7556}") = "02.MultipleImplementation", "02.MultipleImplementation\02.MultipleImplementation.csproj", "{98B7257F-7C6C-417F-8F7B-BF542328A1F3}"
EndProject
Project("{FAE04EC0-301F-11D3-BF4B-00C04F79EFBC}") = "03.Telephony", "03.Telephony\03.Telephony.csproj", "{7458EFF1-3027-49BB-807C-0E377A11850C}"
EndProject
Project("{FAE04EC0-301F-11D3-BF4B-00C04F79EFBC}") = "04.BorderControl", "04.BorderControl\04.BorderControl.csproj", "{890402D4-5D5E-412C-8837-C317B061FE63}"
EndProject
Project("{FAE04EC0-301F-11D3-BF4B-00C04F79EFBC}") = "05.BirthdayCelebrations", "05.BirthdayCelebrations\05.BirthdayCelebrations.csproj", "{0603925B-8DD0-456B-BA58-2F7648DF220A}"
EndProject
Global
	GlobalSection(SolutionConfigurationPlatforms) = preSolution
		Debug|Any CPU = Debug|Any CPU
		Release|Any CPU = Release|Any CPU
	EndGlobalSection
	GlobalSection(ProjectConfigurationPlatforms) = postSolution
		{6D2DCA68-BFAA-4F35-8EB0-D78E8B213D97}.Debug|Any CPU.ActiveCfg = Debug|Any CPU
		{6D2DCA68-BFAA-4F35-8EB0-D78E8B213D97}.Debug|Any CPU.Build.0 = Debug|Any CPU
		{6D2DCA68-BFAA-4F35-8EB0-D78E8B213D97}.Release|Any CPU.ActiveCfg = Release|Any CPU
		{6D2DCA68-BFAA-4F35-8EB0-D78E8B213D97}.Release|Any CPU.Build.0 = Release|Any CPU
		{2BCB3DBC-267A-4663-8A11-5CEDF2936E3F}.Debug|Any CPU.ActiveCfg = Debug|Any CPU
		{2BCB3DBC-267A-4663-8A11-5CEDF2936E3F}.Debug|Any CPU.Build.0 = Debug|Any CPU
		{2BCB3DBC-267A-4663-8A11-5CEDF2936E3F}.Release|Any CPU.ActiveCfg = Release|Any CPU
		{2BCB3DBC-267A-4663-8A11-5CEDF2936E3F}.Release|Any CPU.Build.0 = Release|Any CPU
		{F197CED6-C936-4C18-9AE3-3F47746A28EC}.Debug|Any CPU.ActiveCfg = Debug|Any CPU
		{F197CED6-C936-4C18-9AE3-3F47746A28EC}.Debug|Any CPU.Build.0 = Debug|Any CPU
		{F197CED6-C936-4C18-9AE3-3F47746A28EC}.Release|Any CPU.ActiveCfg = Release|Any CPU
		{F197CED6-C936-4C18-9AE3-3F47746A28EC}.Release|Any CPU.Build.0 = Release|Any CPU
		{98B7257F-7C6C-417F-8F7B-BF542328A1F3}.Debug|Any CPU.ActiveCfg = Debug|Any CPU
		{98B7257F-7C6C-417F-8F7B-BF542328A1F3}.Debug|Any CPU.Build.0 = Debug|Any CPU
		{98B7257F-7C6C-417F-8F7B-BF542328A1F3}.Release|Any CPU.ActiveCfg = Release|Any CPU
		{98B7257F-7C6C-417F-8F7B-BF542328A1F3}.Release|Any CPU.Build.0 = Release|Any CPU
		{7458EFF1-3027-49BB-807C-0E377A11850C}.Debug|Any CPU.ActiveCfg = Debug|Any CPU
		{7458EFF1-3027-49BB-807C-0E377A11850C}.Debug|Any CPU.Build.0 = Debug|Any CPU
		{7458EFF1-3027-49BB-807C-0E377A11850C}.Release|Any CPU.ActiveCfg = Release|Any CPU
		{7458EFF1-3027-49BB-807C-0E377A11850C}.Release|Any CPU.Build.0 = Release|Any CPU
		{890402D4-5D5E-412C-8837-C317B061FE63}.Debug|Any CPU.ActiveCfg = Debug|Any CPU
		{890402D4-5D5E-412C-8837-C317B061FE63}.Debug|Any CPU.Build.0 = Debug|Any CPU
		{890402D4-5D5E-412C-8837-C317B061FE63}.Release|Any CPU.ActiveCfg = Release|Any CPU
		{890402D4-5D5E-412C-8837-C317B061FE63}.Release|Any CPU.Build.0 = Release|Any CPU
		{0603925B-8DD0-456B-BA58-2F7648DF220A}.Debug|Any CPU.ActiveCfg = Debug|Any CPU
		{0603925B-8DD0-456B-BA58-2F7648DF220A}.Debug|Any CPU.Build.0 = Debug|Any CPU
		{0603925B-8DD0-456B-BA58-2F7648DF220A}.Release|Any CPU.ActiveCfg = Release|Any CPU
		{0603925B-8DD0-456B-BA58-2F7648DF220A}.Release|Any CPU.Build.0 = Release|Any CPU
	EndGlobalSection
	GlobalSection(SolutionProperties) = preSolution
		HideSolutionNode = FALSE
	EndGlobalSection
	GlobalSection(ExtensibilityGlobals) = postSolution
		SolutionGuid = {83D2C636-55A4-4182-8895-5141D5B535ED}
	EndGlobalSection
EndGlobal
