
Microsoft Visual Studio Solution File, Format Version 12.00
# Visual Studio Version 17
VisualStudioVersion = 17.0.32126.317
MinimumVisualStudioVersion = 10.0.40219.1
Project("{9A19103F-16F7-4668-BE54-9A1E7A4F7556}") = "Skeleton", "01.TextAge\Skeleton\Skeleton.csproj", "{887C857F-A17F-4C5E-B961-7E235564F64D}"
EndProject
Project("{9A19103F-16F7-4668-BE54-9A1E7A4F7556}") = "Skeleton.Tests", "01.TextAge\Skeleton.Tests\Skeleton.Tests.csproj", "{6A460B82-C3D9-4938-9FC3-DFA995D1D3EB}"
EndProject
Global
	GlobalSection(SolutionConfigurationPlatforms) = preSolution
		Debug|Any CPU = Debug|Any CPU
		Release|Any CPU = Release|Any CPU
	EndGlobalSection
	GlobalSection(ProjectConfigurationPlatforms) = postSolution
		{887C857F-A17F-4C5E-B961-7E235564F64D}.Debug|Any CPU.ActiveCfg = Debug|Any CPU
		{887C857F-A17F-4C5E-B961-7E235564F64D}.Debug|Any CPU.Build.0 = Debug|Any CPU
		{887C857F-A17F-4C5E-B961-7E235564F64D}.Release|Any CPU.ActiveCfg = Release|Any CPU
		{887C857F-A17F-4C5E-B961-7E235564F64D}.Release|Any CPU.Build.0 = Release|Any CPU
		{6A460B82-C3D9-4938-9FC3-DFA995D1D3EB}.Debug|Any CPU.ActiveCfg = Debug|Any CPU
		{6A460B82-C3D9-4938-9FC3-DFA995D1D3EB}.Debug|Any CPU.Build.0 = Debug|Any CPU
		{6A460B82-C3D9-4938-9FC3-DFA995D1D3EB}.Release|Any CPU.ActiveCfg = Release|Any CPU
		{6A460B82-C3D9-4938-9FC3-DFA995D1D3EB}.Release|Any CPU.Build.0 = Release|Any CPU
	EndGlobalSection
	GlobalSection(SolutionProperties) = preSolution
		HideSolutionNode = FALSE
	EndGlobalSection
	GlobalSection(ExtensibilityGlobals) = postSolution
		SolutionGuid = {B481A48A-AA09-43A8-959D-4F037B4B0145}
	EndGlobalSection
EndGlobal
