
Microsoft Visual Studio Solution File, Format Version 12.00
# Visual Studio Version 17
VisualStudioVersion = 17.0.32126.317
MinimumVisualStudioVersion = 10.0.40219.1
Project("{9A19103F-16F7-4668-BE54-9A1E7A4F7556}") = "CarRacing", "Car\CarRacing\CarRacing.csproj", "{5E51539C-4E6C-4C69-AB6F-3FE94EB0CA40}"
EndProject
Global
	GlobalSection(SolutionConfigurationPlatforms) = preSolution
		Debug|Any CPU = Debug|Any CPU
		Release|Any CPU = Release|Any CPU
	EndGlobalSection
	GlobalSection(ProjectConfigurationPlatforms) = postSolution
		{5E51539C-4E6C-4C69-AB6F-3FE94EB0CA40}.Debug|Any CPU.ActiveCfg = Debug|Any CPU
		{5E51539C-4E6C-4C69-AB6F-3FE94EB0CA40}.Debug|Any CPU.Build.0 = Debug|Any CPU
		{5E51539C-4E6C-4C69-AB6F-3FE94EB0CA40}.Release|Any CPU.ActiveCfg = Release|Any CPU
		{5E51539C-4E6C-4C69-AB6F-3FE94EB0CA40}.Release|Any CPU.Build.0 = Release|Any CPU
	EndGlobalSection
	GlobalSection(SolutionProperties) = preSolution
		HideSolutionNode = FALSE
	EndGlobalSection
	GlobalSection(ExtensibilityGlobals) = postSolution
		SolutionGuid = {BEB8F705-622B-46A6-B332-3497AE8D68B2}
	EndGlobalSection
EndGlobal
